
Microsoft Visual Studio Solution File, Format Version 12.00
Project("{2150E333-8FDC-42A3-9474-1A3956D46DE8}") = "src", "src", "{7E7BD030-9546-44F2-B130-3E0B84C9F145}"
EndProject
Project("{FAE04EC0-301F-11D3-BF4B-00C04F79EFBC}") = "EasyPizza.Application", "src\EasyPizza.Application\EasyPizza.Application.csproj", "{A75B5F29-F499-46EF-BFBA-CEF67C55E90F}"
EndProject
Project("{FAE04EC0-301F-11D3-BF4B-00C04F79EFBC}") = "EasyPizza.Contracts", "src\EasyPizza.Contracts\EasyPizza.Contracts.csproj", "{A1EB4BE3-3CEC-430B-8B88-71CEB6C4CADA}"
EndProject
Project("{FAE04EC0-301F-11D3-BF4B-00C04F79EFBC}") = "EasyPizza.Domain", "src\EasyPizza.Domain\EasyPizza.Domain.csproj", "{957755DB-BF8D-4FB6-A931-E384EFD33FCA}"
EndProject
Project("{FAE04EC0-301F-11D3-BF4B-00C04F79EFBC}") = "EasyPizza.Infrastructure", "src\EasyPizza.Infrastructure\EasyPizza.Infrastructure.csproj", "{F1BEF8DF-4025-420F-9192-D65A2B37EB79}"
EndProject
Project("{FAE04EC0-301F-11D3-BF4B-00C04F79EFBC}") = "Identity.Api", "src\Identity.Api\Identity.Api.csproj", "{E86C6B75-1140-477B-9BEC-DF116E10DC9C}"
EndProject
Project("{FAE04EC0-301F-11D3-BF4B-00C04F79EFBC}") = "EasyPizza.Api", "src\EasyPizza.Api\EasyPizza.Api.csproj", "{5440E16A-3E72-4A1F-A7DF-6327601D0B55}"
EndProject
Project("{2150E333-8FDC-42A3-9474-1A3956D46DE8}") = "Solution Items", "Solution Items", "{0F4F2FA6-DC87-4098-BE56-3E16D351E1DD}"
	ProjectSection(SolutionItems) = preProject
		docker-compose.yml = docker-compose.yml
		notes.md = notes.md
	EndProjectSection
EndProject
Global
	GlobalSection(SolutionConfigurationPlatforms) = preSolution
		Debug|Any CPU = Debug|Any CPU
		Release|Any CPU = Release|Any CPU
	EndGlobalSection
	GlobalSection(ProjectConfigurationPlatforms) = postSolution
		{A75B5F29-F499-46EF-BFBA-CEF67C55E90F}.Debug|Any CPU.ActiveCfg = Debug|Any CPU
		{A75B5F29-F499-46EF-BFBA-CEF67C55E90F}.Debug|Any CPU.Build.0 = Debug|Any CPU
		{A75B5F29-F499-46EF-BFBA-CEF67C55E90F}.Release|Any CPU.ActiveCfg = Release|Any CPU
		{A75B5F29-F499-46EF-BFBA-CEF67C55E90F}.Release|Any CPU.Build.0 = Release|Any CPU
		{A1EB4BE3-3CEC-430B-8B88-71CEB6C4CADA}.Debug|Any CPU.ActiveCfg = Debug|Any CPU
		{A1EB4BE3-3CEC-430B-8B88-71CEB6C4CADA}.Debug|Any CPU.Build.0 = Debug|Any CPU
		{A1EB4BE3-3CEC-430B-8B88-71CEB6C4CADA}.Release|Any CPU.ActiveCfg = Release|Any CPU
		{A1EB4BE3-3CEC-430B-8B88-71CEB6C4CADA}.Release|Any CPU.Build.0 = Release|Any CPU
		{957755DB-BF8D-4FB6-A931-E384EFD33FCA}.Debug|Any CPU.ActiveCfg = Debug|Any CPU
		{957755DB-BF8D-4FB6-A931-E384EFD33FCA}.Debug|Any CPU.Build.0 = Debug|Any CPU
		{957755DB-BF8D-4FB6-A931-E384EFD33FCA}.Release|Any CPU.ActiveCfg = Release|Any CPU
		{957755DB-BF8D-4FB6-A931-E384EFD33FCA}.Release|Any CPU.Build.0 = Release|Any CPU
		{F1BEF8DF-4025-420F-9192-D65A2B37EB79}.Debug|Any CPU.ActiveCfg = Debug|Any CPU
		{F1BEF8DF-4025-420F-9192-D65A2B37EB79}.Debug|Any CPU.Build.0 = Debug|Any CPU
		{F1BEF8DF-4025-420F-9192-D65A2B37EB79}.Release|Any CPU.ActiveCfg = Release|Any CPU
		{F1BEF8DF-4025-420F-9192-D65A2B37EB79}.Release|Any CPU.Build.0 = Release|Any CPU
		{E86C6B75-1140-477B-9BEC-DF116E10DC9C}.Debug|Any CPU.ActiveCfg = Debug|Any CPU
		{E86C6B75-1140-477B-9BEC-DF116E10DC9C}.Debug|Any CPU.Build.0 = Debug|Any CPU
		{E86C6B75-1140-477B-9BEC-DF116E10DC9C}.Release|Any CPU.ActiveCfg = Release|Any CPU
		{E86C6B75-1140-477B-9BEC-DF116E10DC9C}.Release|Any CPU.Build.0 = Release|Any CPU
		{5440E16A-3E72-4A1F-A7DF-6327601D0B55}.Debug|Any CPU.ActiveCfg = Debug|Any CPU
		{5440E16A-3E72-4A1F-A7DF-6327601D0B55}.Debug|Any CPU.Build.0 = Debug|Any CPU
		{5440E16A-3E72-4A1F-A7DF-6327601D0B55}.Release|Any CPU.ActiveCfg = Release|Any CPU
		{5440E16A-3E72-4A1F-A7DF-6327601D0B55}.Release|Any CPU.Build.0 = Release|Any CPU
	EndGlobalSection
	GlobalSection(NestedProjects) = preSolution
		{A75B5F29-F499-46EF-BFBA-CEF67C55E90F} = {7E7BD030-9546-44F2-B130-3E0B84C9F145}
		{A1EB4BE3-3CEC-430B-8B88-71CEB6C4CADA} = {7E7BD030-9546-44F2-B130-3E0B84C9F145}
		{957755DB-BF8D-4FB6-A931-E384EFD33FCA} = {7E7BD030-9546-44F2-B130-3E0B84C9F145}
		{F1BEF8DF-4025-420F-9192-D65A2B37EB79} = {7E7BD030-9546-44F2-B130-3E0B84C9F145}
		{E86C6B75-1140-477B-9BEC-DF116E10DC9C} = {7E7BD030-9546-44F2-B130-3E0B84C9F145}
		{5440E16A-3E72-4A1F-A7DF-6327601D0B55} = {7E7BD030-9546-44F2-B130-3E0B84C9F145}
	EndGlobalSection
EndGlobal
